
Microsoft Visual Studio Solution File, Format Version 12.00
# Visual Studio Version 17
VisualStudioVersion = 17.11.35327.3
MinimumVisualStudioVersion = 10.0.40219.1
Project("{9A19103F-16F7-4668-BE54-9A1E7A4F7556}") = "HotelListing.API", "HotelListing.API\HotelListing.API.csproj", "{D1159D86-C556-4A66-96AC-E3E3F2684298}"
EndProject
Global
	GlobalSection(SolutionConfigurationPlatforms) = preSolution
		Debug|Any CPU = Debug|Any CPU
		Release|Any CPU = Release|Any CPU
	EndGlobalSection
	GlobalSection(ProjectConfigurationPlatforms) = postSolution
		{D1159D86-C556-4A66-96AC-E3E3F2684298}.Debug|Any CPU.ActiveCfg = Debug|Any CPU
		{D1159D86-C556-4A66-96AC-E3E3F2684298}.Debug|Any CPU.Build.0 = Debug|Any CPU
		{D1159D86-C556-4A66-96AC-E3E3F2684298}.Release|Any CPU.ActiveCfg = Release|Any CPU
		{D1159D86-C556-4A66-96AC-E3E3F2684298}.Release|Any CPU.Build.0 = Release|Any CPU
	EndGlobalSection
	GlobalSection(SolutionProperties) = preSolution
		HideSolutionNode = FALSE
	EndGlobalSection
	GlobalSection(ExtensibilityGlobals) = postSolution
		SolutionGuid = {E63D263F-0B17-47EF-A830-238C95057FF0}
	EndGlobalSection
EndGlobal
